
Microsoft Visual Studio Solution File, Format Version 12.00
# Visual Studio Version 17
VisualStudioVersion = 17.5.002.0
MinimumVisualStudioVersion = 10.0.40219.1
Project("{9A19103F-16F7-4668-BE54-9A1E7A4F7556}") = "TestImageDrawingConsoleApp", "TestImageDrawingConsoleApp.csproj", "{9DDE6600-F20A-491F-ABEE-19E9CCC665C2}"
EndProject
Global
	GlobalSection(SolutionConfigurationPlatforms) = preSolution
		Debug|Any CPU = Debug|Any CPU
		Release|Any CPU = Release|Any CPU
	EndGlobalSection
	GlobalSection(ProjectConfigurationPlatforms) = postSolution
		{9DDE6600-F20A-491F-ABEE-19E9CCC665C2}.Debug|Any CPU.ActiveCfg = Debug|Any CPU
		{9DDE6600-F20A-491F-ABEE-19E9CCC665C2}.Debug|Any CPU.Build.0 = Debug|Any CPU
		{9DDE6600-F20A-491F-ABEE-19E9CCC665C2}.Release|Any CPU.ActiveCfg = Release|Any CPU
		{9DDE6600-F20A-491F-ABEE-19E9CCC665C2}.Release|Any CPU.Build.0 = Release|Any CPU
	EndGlobalSection
	GlobalSection(SolutionProperties) = preSolution
		HideSolutionNode = FALSE
	EndGlobalSection
	GlobalSection(ExtensibilityGlobals) = postSolution
		SolutionGuid = {2D511CE1-8387-4EBF-8ACF-2EA635231F78}
	EndGlobalSection
EndGlobal
